
Microsoft Visual Studio Solution File, Format Version 12.00
# Visual Studio 14
VisualStudioVersion = 14.0.25420.1
MinimumVisualStudioVersion = 10.0.40219.1
Project("{FAE04EC0-301F-11D3-BF4B-00C04F79EFBC}") = "NexelusAppService", "NexelusService\NexelusAppService.csproj", "{71C2D8C4-9524-4F8E-AEC0-972ACEC25383}"
EndProject
Project("{FAE04EC0-301F-11D3-BF4B-00C04F79EFBC}") = "NexelusApp.Service", "ServiceProvider\NexelusApp.Service.csproj", "{C53402D4-5927-4650-A5D4-7605109A74E3}"
EndProject
Global
	GlobalSection(SolutionConfigurationPlatforms) = preSolution
		Debug|Any CPU = Debug|Any CPU
		Release|Any CPU = Release|Any CPU
	EndGlobalSection
	GlobalSection(ProjectConfigurationPlatforms) = postSolution
		{71C2D8C4-9524-4F8E-AEC0-972ACEC25383}.Debug|Any CPU.ActiveCfg = Debug|Any CPU
		{71C2D8C4-9524-4F8E-AEC0-972ACEC25383}.Debug|Any CPU.Build.0 = Debug|Any CPU
		{71C2D8C4-9524-4F8E-AEC0-972ACEC25383}.Release|Any CPU.ActiveCfg = Release|Any CPU
		{71C2D8C4-9524-4F8E-AEC0-972ACEC25383}.Release|Any CPU.Build.0 = Release|Any CPU
		{C53402D4-5927-4650-A5D4-7605109A74E3}.Debug|Any CPU.ActiveCfg = Debug|Any CPU
		{C53402D4-5927-4650-A5D4-7605109A74E3}.Debug|Any CPU.Build.0 = Debug|Any CPU
		{C53402D4-5927-4650-A5D4-7605109A74E3}.Release|Any CPU.ActiveCfg = Release|Any CPU
		{C53402D4-5927-4650-A5D4-7605109A74E3}.Release|Any CPU.Build.0 = Release|Any CPU
	EndGlobalSection
	GlobalSection(SolutionProperties) = preSolution
		HideSolutionNode = FALSE
	EndGlobalSection
	GlobalSection(TeamFoundationVersionControl) = preSolution
		SccNumberOfProjects = 3
		SccEnterpriseProvider = {4CA58AB2-18FA-4F8D-95D4-32DDF27D184C}
		SccTeamFoundationServer = http://192.9.200.7:8080/tfs/defaultcollection
		SccLocalPath0 = .
		SccProjectUniqueName1 = NexelusService\\NexelusAppService.csproj
		SccProjectName1 = NexelusService
		SccLocalPath1 = NexelusService
		SccProjectUniqueName2 = ServiceProvider\\NexelusApp.Service.csproj
		SccProjectName2 = ServiceProvider
		SccLocalPath2 = ServiceProvider
	EndGlobalSection
EndGlobal
